// !$*UTF8*$!
{
	archiveVersion = 1;
	classes = {
	};
	objectVersion = 51;
	objects = {

/* Begin PBXBuildFile section */
		04000C3C2433F85E00E93B56 /* FriendsPhotoCollectionViewCell.swift in Sources */ = {isa = PBXBuildFile; fileRef = 04000C3B2433F85E00E93B56 /* FriendsPhotoCollectionViewCell.swift */; };
		04000C3F2433F94C00E93B56 /* User.swift in Sources */ = {isa = PBXBuildFile; fileRef = 04000C3E2433F94C00E93B56 /* User.swift */; };
		04000C412433FFEE00E93B56 /* GroupTableViewCell.swift in Sources */ = {isa = PBXBuildFile; fileRef = 04000C402433FFEE00E93B56 /* GroupTableViewCell.swift */; };
		040056BB249FC15C000AD1EC /* WebKit.framework in Frameworks */ = {isa = PBXBuildFile; fileRef = 040056BA249FC15C000AD1EC /* WebKit.framework */; };
		042053042455E57F008DD9AF /* FullSIzePhotoView.swift in Sources */ = {isa = PBXBuildFile; fileRef = 042053032455E57F008DD9AF /* FullSIzePhotoView.swift */; };
		0423654D24A0ECBF00CA72A2 /* Photo.swift in Sources */ = {isa = PBXBuildFile; fileRef = 0423654C24A0ECBF00CA72A2 /* Photo.swift */; };
		0423654F24A0ECCB00CA72A2 /* Group.swift in Sources */ = {isa = PBXBuildFile; fileRef = 0423654E24A0ECCB00CA72A2 /* Group.swift */; };
		0423655124A0ED1E00CA72A2 /* FeedRecord.swift in Sources */ = {isa = PBXBuildFile; fileRef = 0423655024A0ED1E00CA72A2 /* FeedRecord.swift */; };
		044F2D1A24490A0B00FDE5B2 /* ActivityCounterControl.swift in Sources */ = {isa = PBXBuildFile; fileRef = 044F2D1924490A0B00FDE5B2 /* ActivityCounterControl.swift */; };
		044F2D1C244931D500FDE5B2 /* Animations.swift in Sources */ = {isa = PBXBuildFile; fileRef = 044F2D1B244931D500FDE5B2 /* Animations.swift */; };
		0461FC5224317CB30049E9A8 /* ProfileTabBarController.swift in Sources */ = {isa = PBXBuildFile; fileRef = 0461FC5124317CB30049E9A8 /* ProfileTabBarController.swift */; };
		0461FC5624317E430049E9A8 /* GroupsListTableViewController.swift in Sources */ = {isa = PBXBuildFile; fileRef = 0461FC5524317E430049E9A8 /* GroupsListTableViewController.swift */; };
		0461FC5824317E6A0049E9A8 /* GroupsSearchTableViewController.swift in Sources */ = {isa = PBXBuildFile; fileRef = 0461FC5724317E6A0049E9A8 /* GroupsSearchTableViewController.swift */; };
		0461FC5C24317E9E0049E9A8 /* FriendsListViewController.swift in Sources */ = {isa = PBXBuildFile; fileRef = 0461FC5B24317E9E0049E9A8 /* FriendsListViewController.swift */; };
		0461FC5E24317F240049E9A8 /* FriendsPhotoCollectionViewController.swift in Sources */ = {isa = PBXBuildFile; fileRef = 0461FC5D24317F240049E9A8 /* FriendsPhotoCollectionViewController.swift */; };
		0461FC722431DB930049E9A8 /* FriendTableViewCell.swift in Sources */ = {isa = PBXBuildFile; fileRef = 0461FC712431DB930049E9A8 /* FriendTableViewCell.swift */; };
		047934BA243516D1009F130B /* MyGroupTableViewCell.swift in Sources */ = {isa = PBXBuildFile; fileRef = 047934B9243516D1009F130B /* MyGroupTableViewCell.swift */; };
		047FA50B244CA05A0058C140 /* FriendPhotoView.swift in Sources */ = {isa = PBXBuildFile; fileRef = 047FA50A244CA05A0058C140 /* FriendPhotoView.swift */; };
		048F08D42445010500375D45 /* NewsCard.swift in Sources */ = {isa = PBXBuildFile; fileRef = 048F08D32445010500375D45 /* NewsCard.swift */; };
		048F08D62445012B00375D45 /* NewsViewController.swift in Sources */ = {isa = PBXBuildFile; fileRef = 048F08D52445012B00375D45 /* NewsViewController.swift */; };
		049031052495829F004F3F43 /* Session.swift in Sources */ = {isa = PBXBuildFile; fileRef = 049031042495829F004F3F43 /* Session.swift */; };
		0495AF3524E9EDF80006DC73 /* NewRecord.swift in Sources */ = {isa = PBXBuildFile; fileRef = 0495AF3424E9EDF80006DC73 /* NewRecord.swift */; };
		04A914252430E434005ABD6A /* AppDelegate.swift in Sources */ = {isa = PBXBuildFile; fileRef = 04A914242430E434005ABD6A /* AppDelegate.swift */; };
		04A9142C2430E434005ABD6A /* Main.storyboard in Resources */ = {isa = PBXBuildFile; fileRef = 04A9142A2430E434005ABD6A /* Main.storyboard */; };
		04A9142E2430E435005ABD6A /* Assets.xcassets in Resources */ = {isa = PBXBuildFile; fileRef = 04A9142D2430E435005ABD6A /* Assets.xcassets */; };
		04A914312430E435005ABD6A /* LaunchScreen.storyboard in Resources */ = {isa = PBXBuildFile; fileRef = 04A9142F2430E435005ABD6A /* LaunchScreen.storyboard */; };
		04B58553244483BA00B00AB1 /* AvatarShadow.swift in Sources */ = {isa = PBXBuildFile; fileRef = 04B58552244483BA00B00AB1 /* AvatarShadow.swift */; };
		04B9334D249ECBF600E97280 /* AuthorizationViewController.swift in Sources */ = {isa = PBXBuildFile; fileRef = 04B9334C249ECBF600E97280 /* AuthorizationViewController.swift */; };
		04BDB70124E73E6900545BD1 /* RequestsPromise.swift in Sources */ = {isa = PBXBuildFile; fileRef = 04BDB70024E73E6900545BD1 /* RequestsPromise.swift */; };
		04BDB70324E758A700545BD1 /* DateConverter.swift in Sources */ = {isa = PBXBuildFile; fileRef = 04BDB70224E758A700545BD1 /* DateConverter.swift */; };
		04BDB70524E8A32700545BD1 /* RepostNewsCard.swift in Sources */ = {isa = PBXBuildFile; fileRef = 04BDB70424E8A32700545BD1 /* RepostNewsCard.swift */; };
		04CDE87D244C8B8A00A43C3A /* SwipePhotoController.swift in Sources */ = {isa = PBXBuildFile; fileRef = 04CDE87C244C8B8A00A43C3A /* SwipePhotoController.swift */; };
		04EC1145244526A5000B2E6D /* AvatarView.swift in Sources */ = {isa = PBXBuildFile; fileRef = 04EC1144244526A5000B2E6D /* AvatarView.swift */; };
		04F07F3824ABCB5A0073ABBB /* RealmHelper.swift in Sources */ = {isa = PBXBuildFile; fileRef = 04F07F3724ABCB5A0073ABBB /* RealmHelper.swift */; };
		04F07F3A24ABCEA40073ABBB /* Requests.swift in Sources */ = {isa = PBXBuildFile; fileRef = 04F07F3924ABCEA40073ABBB /* Requests.swift */; };
		04FF2A5D24E5EC6B002B94A2 /* ImageService.swift in Sources */ = {isa = PBXBuildFile; fileRef = 04FF2A5C24E5EC6B002B94A2 /* ImageService.swift */; };
		1DA2568E293F7B5CF72A8304 /* Pods_vkapp_luna.framework in Frameworks */ = {isa = PBXBuildFile; fileRef = EE44329E58B6D401F13A3E55 /* Pods_vkapp_luna.framework */; };
/* End PBXBuildFile section */

/* Begin PBXFileReference section */
		04000C3B2433F85E00E93B56 /* FriendsPhotoCollectionViewCell.swift */ = {isa = PBXFileReference; lastKnownFileType = sourcecode.swift; path = FriendsPhotoCollectionViewCell.swift; sourceTree = "<group>"; };
		04000C3E2433F94C00E93B56 /* User.swift */ = {isa = PBXFileReference; lastKnownFileType = sourcecode.swift; path = User.swift; sourceTree = "<group>"; };
		04000C402433FFEE00E93B56 /* GroupTableViewCell.swift */ = {isa = PBXFileReference; lastKnownFileType = sourcecode.swift; path = GroupTableViewCell.swift; sourceTree = "<group>"; };
		040056BA249FC15C000AD1EC /* WebKit.framework */ = {isa = PBXFileReference; lastKnownFileType = wrapper.framework; name = WebKit.framework; path = System/Library/Frameworks/WebKit.framework; sourceTree = SDKROOT; };
		042053032455E57F008DD9AF /* FullSIzePhotoView.swift */ = {isa = PBXFileReference; lastKnownFileType = sourcecode.swift; path = FullSIzePhotoView.swift; sourceTree = "<group>"; };
		0423654C24A0ECBF00CA72A2 /* Photo.swift */ = {isa = PBXFileReference; lastKnownFileType = sourcecode.swift; path = Photo.swift; sourceTree = "<group>"; };
		0423654E24A0ECCB00CA72A2 /* Group.swift */ = {isa = PBXFileReference; lastKnownFileType = sourcecode.swift; path = Group.swift; sourceTree = "<group>"; };
		0423655024A0ED1E00CA72A2 /* FeedRecord.swift */ = {isa = PBXFileReference; lastKnownFileType = sourcecode.swift; path = FeedRecord.swift; sourceTree = "<group>"; };
		044F2D1924490A0B00FDE5B2 /* ActivityCounterControl.swift */ = {isa = PBXFileReference; lastKnownFileType = sourcecode.swift; path = ActivityCounterControl.swift; sourceTree = "<group>"; };
		044F2D1B244931D500FDE5B2 /* Animations.swift */ = {isa = PBXFileReference; lastKnownFileType = sourcecode.swift; path = Animations.swift; sourceTree = "<group>"; };
		0461FC5124317CB30049E9A8 /* ProfileTabBarController.swift */ = {isa = PBXFileReference; lastKnownFileType = sourcecode.swift; path = ProfileTabBarController.swift; sourceTree = "<group>"; };
		0461FC5524317E430049E9A8 /* GroupsListTableViewController.swift */ = {isa = PBXFileReference; lastKnownFileType = sourcecode.swift; path = GroupsListTableViewController.swift; sourceTree = "<group>"; };
		0461FC5724317E6A0049E9A8 /* GroupsSearchTableViewController.swift */ = {isa = PBXFileReference; lastKnownFileType = sourcecode.swift; path = GroupsSearchTableViewController.swift; sourceTree = "<group>"; };
		0461FC5B24317E9E0049E9A8 /* FriendsListViewController.swift */ = {isa = PBXFileReference; lastKnownFileType = sourcecode.swift; path = FriendsListViewController.swift; sourceTree = "<group>"; };
		0461FC5D24317F240049E9A8 /* FriendsPhotoCollectionViewController.swift */ = {isa = PBXFileReference; lastKnownFileType = sourcecode.swift; path = FriendsPhotoCollectionViewController.swift; sourceTree = "<group>"; };
		0461FC712431DB930049E9A8 /* FriendTableViewCell.swift */ = {isa = PBXFileReference; lastKnownFileType = sourcecode.swift; path = FriendTableViewCell.swift; sourceTree = "<group>"; };
		047934B9243516D1009F130B /* MyGroupTableViewCell.swift */ = {isa = PBXFileReference; lastKnownFileType = sourcecode.swift; path = MyGroupTableViewCell.swift; sourceTree = "<group>"; };
		047FA50A244CA05A0058C140 /* FriendPhotoView.swift */ = {isa = PBXFileReference; lastKnownFileType = sourcecode.swift; path = FriendPhotoView.swift; sourceTree = "<group>"; };
		048F08D32445010500375D45 /* NewsCard.swift */ = {isa = PBXFileReference; lastKnownFileType = sourcecode.swift; path = NewsCard.swift; sourceTree = "<group>"; };
		048F08D52445012B00375D45 /* NewsViewController.swift */ = {isa = PBXFileReference; lastKnownFileType = sourcecode.swift; path = NewsViewController.swift; sourceTree = "<group>"; };
		049031042495829F004F3F43 /* Session.swift */ = {isa = PBXFileReference; lastKnownFileType = sourcecode.swift; path = Session.swift; sourceTree = "<group>"; };
		0495AF3424E9EDF80006DC73 /* NewRecord.swift */ = {isa = PBXFileReference; lastKnownFileType = sourcecode.swift; path = NewRecord.swift; sourceTree = "<group>"; };
		04A914212430E434005ABD6A /* vkapp_luna.app */ = {isa = PBXFileReference; explicitFileType = wrapper.application; includeInIndex = 0; path = vkapp_luna.app; sourceTree = BUILT_PRODUCTS_DIR; };
		04A914242430E434005ABD6A /* AppDelegate.swift */ = {isa = PBXFileReference; lastKnownFileType = sourcecode.swift; path = AppDelegate.swift; sourceTree = "<group>"; };
		04A9142B2430E434005ABD6A /* Base */ = {isa = PBXFileReference; lastKnownFileType = file.storyboard; name = Base; path = Base.lproj/Main.storyboard; sourceTree = "<group>"; };
		04A9142D2430E435005ABD6A /* Assets.xcassets */ = {isa = PBXFileReference; lastKnownFileType = folder.assetcatalog; path = Assets.xcassets; sourceTree = "<group>"; };
		04A914302430E435005ABD6A /* Base */ = {isa = PBXFileReference; lastKnownFileType = file.storyboard; name = Base; path = Base.lproj/LaunchScreen.storyboard; sourceTree = "<group>"; };
		04A914322430E435005ABD6A /* Info.plist */ = {isa = PBXFileReference; lastKnownFileType = text.plist.xml; path = Info.plist; sourceTree = "<group>"; };
		04B58552244483BA00B00AB1 /* AvatarShadow.swift */ = {isa = PBXFileReference; lastKnownFileType = sourcecode.swift; path = AvatarShadow.swift; sourceTree = "<group>"; };
		04B9334C249ECBF600E97280 /* AuthorizationViewController.swift */ = {isa = PBXFileReference; lastKnownFileType = sourcecode.swift; path = AuthorizationViewController.swift; sourceTree = "<group>"; };
		04BDB70024E73E6900545BD1 /* RequestsPromise.swift */ = {isa = PBXFileReference; fileEncoding = 4; lastKnownFileType = sourcecode.swift; path = RequestsPromise.swift; sourceTree = "<group>"; };
		04BDB70224E758A700545BD1 /* DateConverter.swift */ = {isa = PBXFileReference; lastKnownFileType = sourcecode.swift; path = DateConverter.swift; sourceTree = "<group>"; };
		04BDB70424E8A32700545BD1 /* RepostNewsCard.swift */ = {isa = PBXFileReference; lastKnownFileType = sourcecode.swift; path = RepostNewsCard.swift; sourceTree = "<group>"; };
		04CDE87C244C8B8A00A43C3A /* SwipePhotoController.swift */ = {isa = PBXFileReference; lastKnownFileType = sourcecode.swift; path = SwipePhotoController.swift; sourceTree = "<group>"; };
		04EC1144244526A5000B2E6D /* AvatarView.swift */ = {isa = PBXFileReference; lastKnownFileType = sourcecode.swift; path = AvatarView.swift; sourceTree = "<group>"; };
		04F07F3724ABCB5A0073ABBB /* RealmHelper.swift */ = {isa = PBXFileReference; lastKnownFileType = sourcecode.swift; path = RealmHelper.swift; sourceTree = "<group>"; };
		04F07F3924ABCEA40073ABBB /* Requests.swift */ = {isa = PBXFileReference; lastKnownFileType = sourcecode.swift; path = Requests.swift; sourceTree = "<group>"; };
		04FF2A5C24E5EC6B002B94A2 /* ImageService.swift */ = {isa = PBXFileReference; fileEncoding = 4; lastKnownFileType = sourcecode.swift; path = ImageService.swift; sourceTree = "<group>"; };
		66E374F94D279DCD3CB6927C /* Pods_nvleonovich_homework.framework */ = {isa = PBXFileReference; explicitFileType = wrapper.framework; includeInIndex = 0; path = Pods_nvleonovich_homework.framework; sourceTree = BUILT_PRODUCTS_DIR; };
		69C26D27C722D4F0E984DAAE /* Pods-vkapp_luna.debug.xcconfig */ = {isa = PBXFileReference; includeInIndex = 1; lastKnownFileType = text.xcconfig; name = "Pods-vkapp_luna.debug.xcconfig"; path = "Target Support Files/Pods-vkapp_luna/Pods-vkapp_luna.debug.xcconfig"; sourceTree = "<group>"; };
		C823944B03DF81886315969C /* Pods-vkapp_luna.release.xcconfig */ = {isa = PBXFileReference; includeInIndex = 1; lastKnownFileType = text.xcconfig; name = "Pods-vkapp_luna.release.xcconfig"; path = "Target Support Files/Pods-vkapp_luna/Pods-vkapp_luna.release.xcconfig"; sourceTree = "<group>"; };
		EE44329E58B6D401F13A3E55 /* Pods_vkapp_luna.framework */ = {isa = PBXFileReference; explicitFileType = wrapper.framework; includeInIndex = 0; path = Pods_vkapp_luna.framework; sourceTree = BUILT_PRODUCTS_DIR; };
/* End PBXFileReference section */

/* Begin PBXFrameworksBuildPhase section */
		04A9141E2430E434005ABD6A /* Frameworks */ = {
			isa = PBXFrameworksBuildPhase;
			buildActionMask = 2147483647;
			files = (
				040056BB249FC15C000AD1EC /* WebKit.framework in Frameworks */,
				1DA2568E293F7B5CF72A8304 /* Pods_vkapp_luna.framework in Frameworks */,
			);
			runOnlyForDeploymentPostprocessing = 0;
		};
/* End PBXFrameworksBuildPhase section */

/* Begin PBXGroup section */
		04000C392433D11200E93B56 /* Friends */ = {
			isa = PBXGroup;
			children = (
				0461FC5B24317E9E0049E9A8 /* FriendsListViewController.swift */,
				0461FC712431DB930049E9A8 /* FriendTableViewCell.swift */,
				0461FC5D24317F240049E9A8 /* FriendsPhotoCollectionViewController.swift */,
				04000C3B2433F85E00E93B56 /* FriendsPhotoCollectionViewCell.swift */,
				04B58552244483BA00B00AB1 /* AvatarShadow.swift */,
				04EC1144244526A5000B2E6D /* AvatarView.swift */,
				042053032455E57F008DD9AF /* FullSIzePhotoView.swift */,
				04CDE87C244C8B8A00A43C3A /* SwipePhotoController.swift */,
				047FA50A244CA05A0058C140 /* FriendPhotoView.swift */,
			);
			path = Friends;
			sourceTree = "<group>";
		};
		04000C3A2433D12F00E93B56 /* Groups */ = {
			isa = PBXGroup;
			children = (
				0461FC5524317E430049E9A8 /* GroupsListTableViewController.swift */,
				047934B9243516D1009F130B /* MyGroupTableViewCell.swift */,
				04000C402433FFEE00E93B56 /* GroupTableViewCell.swift */,
				0461FC5724317E6A0049E9A8 /* GroupsSearchTableViewController.swift */,
			);
			path = Groups;
			sourceTree = "<group>";
		};
		04000C3D2433F92400E93B56 /* Model */ = {
			isa = PBXGroup;
			children = (
				04000C3E2433F94C00E93B56 /* User.swift */,
				0495AF3424E9EDF80006DC73 /* NewRecord.swift */,
				0423654C24A0ECBF00CA72A2 /* Photo.swift */,
				0423654E24A0ECCB00CA72A2 /* Group.swift */,
				0423655024A0ED1E00CA72A2 /* FeedRecord.swift */,
				049031042495829F004F3F43 /* Session.swift */,
			);
			path = Model;
			sourceTree = "<group>";
		};
		0423655224A0ED4E00CA72A2 /* JSONParsing */ = {
			isa = PBXGroup;
			children = (
				04BDB70024E73E6900545BD1 /* RequestsPromise.swift */,
				04FF2A5C24E5EC6B002B94A2 /* ImageService.swift */,
				04F07F3724ABCB5A0073ABBB /* RealmHelper.swift */,
				04F07F3924ABCEA40073ABBB /* Requests.swift */,
				04BDB70224E758A700545BD1 /* DateConverter.swift */,
			);
			path = JSONParsing;
			sourceTree = "<group>";
		};
		048F08D02444E4A400375D45 /* News */ = {
			isa = PBXGroup;
			children = (
				048F08D52445012B00375D45 /* NewsViewController.swift */,
				048F08D32445010500375D45 /* NewsCard.swift */,
				04BDB70424E8A32700545BD1 /* RepostNewsCard.swift */,
			);
			path = News;
			sourceTree = "<group>";
		};
		04A914182430E434005ABD6A = {
			isa = PBXGroup;
			children = (
				04A914232430E434005ABD6A /* vkapp_luna */,
				04A914222430E434005ABD6A /* Products */,
				ACB8646E0246B17F0FABE50A /* Frameworks */,
				673443EDE163169B502C1867 /* Pods */,
			);
			sourceTree = "<group>";
		};
		04A914222430E434005ABD6A /* Products */ = {
			isa = PBXGroup;
			children = (
				04A914212430E434005ABD6A /* vkapp_luna.app */,
			);
			name = Products;
			sourceTree = "<group>";
		};
		04A914232430E434005ABD6A /* vkapp_luna */ = {
			isa = PBXGroup;
			children = (
				04A9142A2430E434005ABD6A /* Main.storyboard */,
				04B9334B249ECBAE00E97280 /* AuthController */,
				0423655224A0ED4E00CA72A2 /* JSONParsing */,
				04000C3D2433F92400E93B56 /* Model */,
				04000C3A2433D12F00E93B56 /* Groups */,
				048F08D02444E4A400375D45 /* News */,
				04000C392433D11200E93B56 /* Friends */,
				04A914242430E434005ABD6A /* AppDelegate.swift */,
				04A9142D2430E435005ABD6A /* Assets.xcassets */,
				04A9142F2430E435005ABD6A /* LaunchScreen.storyboard */,
				04A914322430E435005ABD6A /* Info.plist */,
				0461FC5124317CB30049E9A8 /* ProfileTabBarController.swift */,
				044F2D1924490A0B00FDE5B2 /* ActivityCounterControl.swift */,
				044F2D1B244931D500FDE5B2 /* Animations.swift */,
			);
			path = vkapp_luna;
			sourceTree = "<group>";
		};
		04B9334B249ECBAE00E97280 /* AuthController */ = {
			isa = PBXGroup;
			children = (
				04B9334C249ECBF600E97280 /* AuthorizationViewController.swift */,
			);
			path = AuthController;
			sourceTree = "<group>";
		};
		673443EDE163169B502C1867 /* Pods */ = {
			isa = PBXGroup;
			children = (
				69C26D27C722D4F0E984DAAE /* Pods-vkapp_luna.debug.xcconfig */,
				C823944B03DF81886315969C /* Pods-vkapp_luna.release.xcconfig */,
			);
			name = Pods;
			path = Pods;
			sourceTree = "<group>";
		};
		ACB8646E0246B17F0FABE50A /* Frameworks */ = {
			isa = PBXGroup;
			children = (
				040056BA249FC15C000AD1EC /* WebKit.framework */,
				66E374F94D279DCD3CB6927C /* Pods_nvleonovich_homework.framework */,
				EE44329E58B6D401F13A3E55 /* Pods_vkapp_luna.framework */,
			);
			name = Frameworks;
			sourceTree = "<group>";
		};
/* End PBXGroup section */

/* Begin PBXNativeTarget section */
		04A914202430E434005ABD6A /* vkapp_luna */ = {
			isa = PBXNativeTarget;
			buildConfigurationList = 04A914352430E435005ABD6A /* Build configuration list for PBXNativeTarget "vkapp_luna" */;
			buildPhases = (
				649BA57728454C818F7E25EC /* [CP] Check Pods Manifest.lock */,
				04A9141D2430E434005ABD6A /* Sources */,
				04A9141E2430E434005ABD6A /* Frameworks */,
				04A9141F2430E434005ABD6A /* Resources */,
				4FC55E23C61045E0BB4CAB74 /* [CP] Embed Pods Frameworks */,
			);
			buildRules = (
			);
			dependencies = (
			);
			name = vkapp_luna;
			productName = nvleonovich_homework;
			productReference = 04A914212430E434005ABD6A /* vkapp_luna.app */;
			productType = "com.apple.product-type.application";
		};
/* End PBXNativeTarget section */

/* Begin PBXProject section */
		04A914192430E434005ABD6A /* Project object */ = {
			isa = PBXProject;
			attributes = {
				LastSwiftUpdateCheck = 1130;
				LastUpgradeCheck = 1130;
				ORGANIZATIONNAME = nvleonovich;
				TargetAttributes = {
					04A914202430E434005ABD6A = {
						CreatedOnToolsVersion = 11.3;
					};
				};
			};
			buildConfigurationList = 04A9141C2430E434005ABD6A /* Build configuration list for PBXProject "vkapp_luna" */;
			compatibilityVersion = "Xcode 9.3";
			developmentRegion = en;
			hasScannedForEncodings = 0;
			knownRegions = (
				en,
				Base,
			);
			mainGroup = 04A914182430E434005ABD6A;
			productRefGroup = 04A914222430E434005ABD6A /* Products */;
			projectDirPath = "";
			projectRoot = "";
			targets = (
				04A914202430E434005ABD6A /* vkapp_luna */,
			);
		};
/* End PBXProject section */

/* Begin PBXResourcesBuildPhase section */
		04A9141F2430E434005ABD6A /* Resources */ = {
			isa = PBXResourcesBuildPhase;
			buildActionMask = 2147483647;
			files = (
				04A914312430E435005ABD6A /* LaunchScreen.storyboard in Resources */,
				04A9142E2430E435005ABD6A /* Assets.xcassets in Resources */,
				04A9142C2430E434005ABD6A /* Main.storyboard in Resources */,
			);
			runOnlyForDeploymentPostprocessing = 0;
		};
/* End PBXResourcesBuildPhase section */

/* Begin PBXShellScriptBuildPhase section */
		4FC55E23C61045E0BB4CAB74 /* [CP] Embed Pods Frameworks */ = {
			isa = PBXShellScriptBuildPhase;
			buildActionMask = 2147483647;
			files = (
			);
			inputFileListPaths = (
				"${PODS_ROOT}/Target Support Files/Pods-vkapp_luna/Pods-vkapp_luna-frameworks-${CONFIGURATION}-input-files.xcfilelist",
			);
			name = "[CP] Embed Pods Frameworks";
			outputFileListPaths = (
				"${PODS_ROOT}/Target Support Files/Pods-vkapp_luna/Pods-vkapp_luna-frameworks-${CONFIGURATION}-output-files.xcfilelist",
			);
			runOnlyForDeploymentPostprocessing = 0;
			shellPath = /bin/sh;
			shellScript = "\"${PODS_ROOT}/Target Support Files/Pods-vkapp_luna/Pods-vkapp_luna-frameworks.sh\"\n";
			showEnvVarsInLog = 0;
		};
		649BA57728454C818F7E25EC /* [CP] Check Pods Manifest.lock */ = {
			isa = PBXShellScriptBuildPhase;
			buildActionMask = 2147483647;
			files = (
			);
			inputFileListPaths = (
			);
			inputPaths = (
				"${PODS_PODFILE_DIR_PATH}/Podfile.lock",
				"${PODS_ROOT}/Manifest.lock",
			);
			name = "[CP] Check Pods Manifest.lock";
			outputFileListPaths = (
			);
			outputPaths = (
				"$(DERIVED_FILE_DIR)/Pods-vkapp_luna-checkManifestLockResult.txt",
			);
			runOnlyForDeploymentPostprocessing = 0;
			shellPath = /bin/sh;
			shellScript = "diff \"${PODS_PODFILE_DIR_PATH}/Podfile.lock\" \"${PODS_ROOT}/Manifest.lock\" > /dev/null\nif [ $? != 0 ] ; then\n    # print error to STDERR\n    echo \"error: The sandbox is not in sync with the Podfile.lock. Run 'pod install' or update your CocoaPods installation.\" >&2\n    exit 1\nfi\n# This output is used by Xcode 'outputs' to avoid re-running this script phase.\necho \"SUCCESS\" > \"${SCRIPT_OUTPUT_FILE_0}\"\n";
			showEnvVarsInLog = 0;
		};
/* End PBXShellScriptBuildPhase section */

/* Begin PBXSourcesBuildPhase section */
		04A9141D2430E434005ABD6A /* Sources */ = {
			isa = PBXSourcesBuildPhase;
			buildActionMask = 2147483647;
			files = (
				048F08D42445010500375D45 /* NewsCard.swift in Sources */,
				0461FC5E24317F240049E9A8 /* FriendsPhotoCollectionViewController.swift in Sources */,
				0423654D24A0ECBF00CA72A2 /* Photo.swift in Sources */,
				0461FC5C24317E9E0049E9A8 /* FriendsListViewController.swift in Sources */,
				04F07F3824ABCB5A0073ABBB /* RealmHelper.swift in Sources */,
				047934BA243516D1009F130B /* MyGroupTableViewCell.swift in Sources */,
				04F07F3A24ABCEA40073ABBB /* Requests.swift in Sources */,
				04CDE87D244C8B8A00A43C3A /* SwipePhotoController.swift in Sources */,
				0423654F24A0ECCB00CA72A2 /* Group.swift in Sources */,
				04B58553244483BA00B00AB1 /* AvatarShadow.swift in Sources */,
				0461FC5824317E6A0049E9A8 /* GroupsSearchTableViewController.swift in Sources */,
				04EC1145244526A5000B2E6D /* AvatarView.swift in Sources */,
				049031052495829F004F3F43 /* Session.swift in Sources */,
				04FF2A5D24E5EC6B002B94A2 /* ImageService.swift in Sources */,
				04BDB70324E758A700545BD1 /* DateConverter.swift in Sources */,
				0461FC5624317E430049E9A8 /* GroupsListTableViewController.swift in Sources */,
				04000C3C2433F85E00E93B56 /* FriendsPhotoCollectionViewCell.swift in Sources */,
				0461FC722431DB930049E9A8 /* FriendTableViewCell.swift in Sources */,
				04000C3F2433F94C00E93B56 /* User.swift in Sources */,
				0495AF3524E9EDF80006DC73 /* NewRecord.swift in Sources */,
				048F08D62445012B00375D45 /* NewsViewController.swift in Sources */,
				0461FC5224317CB30049E9A8 /* ProfileTabBarController.swift in Sources */,
				04B9334D249ECBF600E97280 /* AuthorizationViewController.swift in Sources */,
				04000C412433FFEE00E93B56 /* GroupTableViewCell.swift in Sources */,
				04A914252430E434005ABD6A /* AppDelegate.swift in Sources */,
				047FA50B244CA05A0058C140 /* FriendPhotoView.swift in Sources */,
				04BDB70524E8A32700545BD1 /* RepostNewsCard.swift in Sources */,
				04BDB70124E73E6900545BD1 /* RequestsPromise.swift in Sources */,
				042053042455E57F008DD9AF /* FullSIzePhotoView.swift in Sources */,
				0423655124A0ED1E00CA72A2 /* FeedRecord.swift in Sources */,
				044F2D1A24490A0B00FDE5B2 /* ActivityCounterControl.swift in Sources */,
				044F2D1C244931D500FDE5B2 /* Animations.swift in Sources */,
			);
			runOnlyForDeploymentPostprocessing = 0;
		};
/* End PBXSourcesBuildPhase section */

/* Begin PBXVariantGroup section */
		04A9142A2430E434005ABD6A /* Main.storyboard */ = {
			isa = PBXVariantGroup;
			children = (
				04A9142B2430E434005ABD6A /* Base */,
			);
			name = Main.storyboard;
			sourceTree = "<group>";
		};
		04A9142F2430E435005ABD6A /* LaunchScreen.storyboard */ = {
			isa = PBXVariantGroup;
			children = (
				04A914302430E435005ABD6A /* Base */,
			);
			name = LaunchScreen.storyboard;
			sourceTree = "<group>";
		};
/* End PBXVariantGroup section */

/* Begin XCBuildConfiguration section */
		04A914332430E435005ABD6A /* Debug */ = {
			isa = XCBuildConfiguration;
			buildSettings = {
				ALWAYS_SEARCH_USER_PATHS = NO;
				CLANG_ANALYZER_NONNULL = YES;
				CLANG_ANALYZER_NUMBER_OBJECT_CONVERSION = YES_AGGRESSIVE;
				CLANG_CXX_LANGUAGE_STANDARD = "gnu++14";
				CLANG_CXX_LIBRARY = "libc++";
				CLANG_ENABLE_MODULES = YES;
				CLANG_ENABLE_OBJC_ARC = YES;
				CLANG_ENABLE_OBJC_WEAK = YES;
				CLANG_WARN_BLOCK_CAPTURE_AUTORELEASING = YES;
				CLANG_WARN_BOOL_CONVERSION = YES;
				CLANG_WARN_COMMA = YES;
				CLANG_WARN_CONSTANT_CONVERSION = YES;
				CLANG_WARN_DEPRECATED_OBJC_IMPLEMENTATIONS = YES;
				CLANG_WARN_DIRECT_OBJC_ISA_USAGE = YES_ERROR;
				CLANG_WARN_DOCUMENTATION_COMMENTS = YES;
				CLANG_WARN_EMPTY_BODY = YES;
				CLANG_WARN_ENUM_CONVERSION = YES;
				CLANG_WARN_INFINITE_RECURSION = YES;
				CLANG_WARN_INT_CONVERSION = YES;
				CLANG_WARN_NON_LITERAL_NULL_CONVERSION = YES;
				CLANG_WARN_OBJC_IMPLICIT_RETAIN_SELF = YES;
				CLANG_WARN_OBJC_LITERAL_CONVERSION = YES;
				CLANG_WARN_OBJC_ROOT_CLASS = YES_ERROR;
				CLANG_WARN_RANGE_LOOP_ANALYSIS = YES;
				CLANG_WARN_STRICT_PROTOTYPES = YES;
				CLANG_WARN_SUSPICIOUS_MOVE = YES;
				CLANG_WARN_UNGUARDED_AVAILABILITY = YES_AGGRESSIVE;
				CLANG_WARN_UNREACHABLE_CODE = YES;
				CLANG_WARN__DUPLICATE_METHOD_MATCH = YES;
				COPY_PHASE_STRIP = NO;
				DEBUG_INFORMATION_FORMAT = dwarf;
				ENABLE_STRICT_OBJC_MSGSEND = YES;
				ENABLE_TESTABILITY = YES;
				GCC_C_LANGUAGE_STANDARD = gnu11;
				GCC_DYNAMIC_NO_PIC = NO;
				GCC_NO_COMMON_BLOCKS = YES;
				GCC_OPTIMIZATION_LEVEL = 0;
				GCC_PREPROCESSOR_DEFINITIONS = (
					"DEBUG=1",
					"$(inherited)",
				);
				GCC_WARN_64_TO_32_BIT_CONVERSION = YES;
				GCC_WARN_ABOUT_RETURN_TYPE = YES_ERROR;
				GCC_WARN_UNDECLARED_SELECTOR = YES;
				GCC_WARN_UNINITIALIZED_AUTOS = YES_AGGRESSIVE;
				GCC_WARN_UNUSED_FUNCTION = YES;
				GCC_WARN_UNUSED_VARIABLE = YES;
				IPHONEOS_DEPLOYMENT_TARGET = 13.5;
				MTL_ENABLE_DEBUG_INFO = INCLUDE_SOURCE;
				MTL_FAST_MATH = YES;
				ONLY_ACTIVE_ARCH = YES;
				SDKROOT = iphoneos;
				SWIFT_ACTIVE_COMPILATION_CONDITIONS = DEBUG;
				SWIFT_OPTIMIZATION_LEVEL = "-Onone";
			};
			name = Debug;
		};
		04A914342430E435005ABD6A /* Release */ = {
			isa = XCBuildConfiguration;
			buildSettings = {
				ALWAYS_SEARCH_USER_PATHS = NO;
				CLANG_ANALYZER_NONNULL = YES;
				CLANG_ANALYZER_NUMBER_OBJECT_CONVERSION = YES_AGGRESSIVE;
				CLANG_CXX_LANGUAGE_STANDARD = "gnu++14";
				CLANG_CXX_LIBRARY = "libc++";
				CLANG_ENABLE_MODULES = YES;
				CLANG_ENABLE_OBJC_ARC = YES;
				CLANG_ENABLE_OBJC_WEAK = YES;
				CLANG_WARN_BLOCK_CAPTURE_AUTORELEASING = YES;
				CLANG_WARN_BOOL_CONVERSION = YES;
				CLANG_WARN_COMMA = YES;
				CLANG_WARN_CONSTANT_CONVERSION = YES;
				CLANG_WARN_DEPRECATED_OBJC_IMPLEMENTATIONS = YES;
				CLANG_WARN_DIRECT_OBJC_ISA_USAGE = YES_ERROR;
				CLANG_WARN_DOCUMENTATION_COMMENTS = YES;
				CLANG_WARN_EMPTY_BODY = YES;
				CLANG_WARN_ENUM_CONVERSION = YES;
				CLANG_WARN_INFINITE_RECURSION = YES;
				CLANG_WARN_INT_CONVERSION = YES;
				CLANG_WARN_NON_LITERAL_NULL_CONVERSION = YES;
				CLANG_WARN_OBJC_IMPLICIT_RETAIN_SELF = YES;
				CLANG_WARN_OBJC_LITERAL_CONVERSION = YES;
				CLANG_WARN_OBJC_ROOT_CLASS = YES_ERROR;
				CLANG_WARN_RANGE_LOOP_ANALYSIS = YES;
				CLANG_WARN_STRICT_PROTOTYPES = YES;
				CLANG_WARN_SUSPICIOUS_MOVE = YES;
				CLANG_WARN_UNGUARDED_AVAILABILITY = YES_AGGRESSIVE;
				CLANG_WARN_UNREACHABLE_CODE = YES;
				CLANG_WARN__DUPLICATE_METHOD_MATCH = YES;
				COPY_PHASE_STRIP = NO;
				DEBUG_INFORMATION_FORMAT = "dwarf-with-dsym";
				ENABLE_NS_ASSERTIONS = NO;
				ENABLE_STRICT_OBJC_MSGSEND = YES;
				GCC_C_LANGUAGE_STANDARD = gnu11;
				GCC_NO_COMMON_BLOCKS = YES;
				GCC_WARN_64_TO_32_BIT_CONVERSION = YES;
				GCC_WARN_ABOUT_RETURN_TYPE = YES_ERROR;
				GCC_WARN_UNDECLARED_SELECTOR = YES;
				GCC_WARN_UNINITIALIZED_AUTOS = YES_AGGRESSIVE;
				GCC_WARN_UNUSED_FUNCTION = YES;
				GCC_WARN_UNUSED_VARIABLE = YES;
				IPHONEOS_DEPLOYMENT_TARGET = 13.5;
				MTL_ENABLE_DEBUG_INFO = NO;
				MTL_FAST_MATH = YES;
				SDKROOT = iphoneos;
				SWIFT_COMPILATION_MODE = wholemodule;
				SWIFT_OPTIMIZATION_LEVEL = "-O";
				VALIDATE_PRODUCT = YES;
			};
			name = Release;
		};
		04A914362430E435005ABD6A /* Debug */ = {
			isa = XCBuildConfiguration;
			baseConfigurationReference = 69C26D27C722D4F0E984DAAE /* Pods-vkapp_luna.debug.xcconfig */;
			buildSettings = {
				ASSETCATALOG_COMPILER_APPICON_NAME = AppIcon;
				CODE_SIGN_STYLE = Automatic;
				DEVELOPMENT_TEAM = KVF834HK8T;
				INFOPLIST_FILE = vkapp_luna/Info.plist;
				IPHONEOS_DEPLOYMENT_TARGET = 13.2;
				LD_RUNPATH_SEARCH_PATHS = (
					"$(inherited)",
					"@executable_path/Frameworks",
				);
				PRODUCT_BUNDLE_IDENTIFIER = luna.vkapp;
				PRODUCT_NAME = "$(TARGET_NAME)";
				SWIFT_VERSION = 5.0;
				TARGETED_DEVICE_FAMILY = "1,2";
			};
			name = Debug;
		};
		04A914372430E435005ABD6A /* Release */ = {
			isa = XCBuildConfiguration;
			baseConfigurationReference = C823944B03DF81886315969C /* Pods-vkapp_luna.release.xcconfig */;
			buildSettings = {
				ASSETCATALOG_COMPILER_APPICON_NAME = AppIcon;
				CODE_SIGN_STYLE = Automatic;
				DEVELOPMENT_TEAM = KVF834HK8T;
				INFOPLIST_FILE = vkapp_luna/Info.plist;
				IPHONEOS_DEPLOYMENT_TARGET = 13.2;
				LD_RUNPATH_SEARCH_PATHS = (
					"$(inherited)",
					"@executable_path/Frameworks",
				);
				PRODUCT_BUNDLE_IDENTIFIER = luna.vkapp;
				PRODUCT_NAME = "$(TARGET_NAME)";
				SWIFT_VERSION = 5.0;
				TARGETED_DEVICE_FAMILY = "1,2";
			};
			name = Release;
		};
/* End XCBuildConfiguration section */

/* Begin XCConfigurationList section */
		04A9141C2430E434005ABD6A /* Build configuration list for PBXProject "vkapp_luna" */ = {
			isa = XCConfigurationList;
			buildConfigurations = (
				04A914332430E435005ABD6A /* Debug */,
				04A914342430E435005ABD6A /* Release */,
			);
			defaultConfigurationIsVisible = 0;
			defaultConfigurationName = Release;
		};
		04A914352430E435005ABD6A /* Build configuration list for PBXNativeTarget "vkapp_luna" */ = {
			isa = XCConfigurationList;
			buildConfigurations = (
				04A914362430E435005ABD6A /* Debug */,
				04A914372430E435005ABD6A /* Release */,
			);
			defaultConfigurationIsVisible = 0;
			defaultConfigurationName = Release;
		};
/* End XCConfigurationList section */
	};
	rootObject = 04A914192430E434005ABD6A /* Project object */;
}
